// !$*UTF8*$!
{
	archiveVersion = 1;
	classes = {
	};
	objectVersion = 46;
	objects = {

/* Begin PBXBuildFile section */
		118236651B13981B00F66E7E /* main.m in Sources */ = {isa = PBXBuildFile; fileRef = 118236641B13981B00F66E7E /* main.m */; };
		118236681B13981B00F66E7E /* AppDelegate.m in Sources */ = {isa = PBXBuildFile; fileRef = 118236671B13981B00F66E7E /* AppDelegate.m */; };
		1182366B1B13981B00F66E7E /* ViewController.m in Sources */ = {isa = PBXBuildFile; fileRef = 1182366A1B13981B00F66E7E /* ViewController.m */; };
		1182366E1B13981B00F66E7E /* Main.storyboard in Resources */ = {isa = PBXBuildFile; fileRef = 1182366C1B13981B00F66E7E /* Main.storyboard */; };
		118236701B13981B00F66E7E /* Images.xcassets in Resources */ = {isa = PBXBuildFile; fileRef = 1182366F1B13981B00F66E7E /* Images.xcassets */; };
		118236731B13981B00F66E7E /* LaunchScreen.xib in Resources */ = {isa = PBXBuildFile; fileRef = 118236711B13981B00F66E7E /* LaunchScreen.xib */; };
		1182367F1B13981B00F66E7E /* MiniGolfTests.m in Sources */ = {isa = PBXBuildFile; fileRef = 1182367E1B13981B00F66E7E /* MiniGolfTests.m */; };
		118236891B13B15400F66E7E /* ballputtdrill2.png in Resources */ = {isa = PBXBuildFile; fileRef = 118236881B13B15400F66E7E /* ballputtdrill2.png */; };
		1182368B1B13E5B300F66E7E /* QuartzCore.framework in Frameworks */ = {isa = PBXBuildFile; fileRef = 1182368A1B13E5B300F66E7E /* QuartzCore.framework */; };
		1182368D1B13E5C100F66E7E /* CoreGraphics.framework in Frameworks */ = {isa = PBXBuildFile; fileRef = 1182368C1B13E5C100F66E7E /* CoreGraphics.framework */; };
/* End PBXBuildFile section */

/* Begin PBXContainerItemProxy section */
		118236791B13981B00F66E7E /* PBXContainerItemProxy */ = {
			isa = PBXContainerItemProxy;
			containerPortal = 118236571B13981B00F66E7E /* Project object */;
			proxyType = 1;
			remoteGlobalIDString = 1182365E1B13981B00F66E7E;
			remoteInfo = MiniGolf;
		};
/* End PBXContainerItemProxy section */

/* Begin PBXFileReference section */
		1182365F1B13981B00F66E7E /* MiniGolf.app */ = {isa = PBXFileReference; explicitFileType = wrapper.application; includeInIndex = 0; path = MiniGolf.app; sourceTree = BUILT_PRODUCTS_DIR; };
		118236631B13981B00F66E7E /* Info.plist */ = {isa = PBXFileReference; lastKnownFileType = text.plist.xml; path = Info.plist; sourceTree = "<group>"; };
		118236641B13981B00F66E7E /* main.m */ = {isa = PBXFileReference; lastKnownFileType = sourcecode.c.objc; path = main.m; sourceTree = "<group>"; };
		118236661B13981B00F66E7E /* AppDelegate.h */ = {isa = PBXFileReference; lastKnownFileType = sourcecode.c.h; path = AppDelegate.h; sourceTree = "<group>"; };
		118236671B13981B00F66E7E /* AppDelegate.m */ = {isa = PBXFileReference; lastKnownFileType = sourcecode.c.objc; path = AppDelegate.m; sourceTree = "<group>"; };
		118236691B13981B00F66E7E /* ViewController.h */ = {isa = PBXFileReference; lastKnownFileType = sourcecode.c.h; path = ViewController.h; sourceTree = "<group>"; };
		1182366A1B13981B00F66E7E /* ViewController.m */ = {isa = PBXFileReference; lastKnownFileType = sourcecode.c.objc; path = ViewController.m; sourceTree = "<group>"; };
		1182366D1B13981B00F66E7E /* Base */ = {isa = PBXFileReference; lastKnownFileType = file.storyboard; name = Base; path = Base.lproj/Main.storyboard; sourceTree = "<group>"; };
		1182366F1B13981B00F66E7E /* Images.xcassets */ = {isa = PBXFileReference; lastKnownFileType = folder.assetcatalog; path = Images.xcassets; sourceTree = "<group>"; };
		118236721B13981B00F66E7E /* Base */ = {isa = PBXFileReference; lastKnownFileType = file.xib; name = Base; path = Base.lproj/LaunchScreen.xib; sourceTree = "<group>"; };
		118236781B13981B00F66E7E /* MiniGolfTests.xctest */ = {isa = PBXFileReference; explicitFileType = wrapper.cfbundle; includeInIndex = 0; path = MiniGolfTests.xctest; sourceTree = BUILT_PRODUCTS_DIR; };
		1182367D1B13981B00F66E7E /* Info.plist */ = {isa = PBXFileReference; lastKnownFileType = text.plist.xml; path = Info.plist; sourceTree = "<group>"; };
		1182367E1B13981B00F66E7E /* MiniGolfTests.m */ = {isa = PBXFileReference; lastKnownFileType = sourcecode.c.objc; path = MiniGolfTests.m; sourceTree = "<group>"; };
		118236881B13B15400F66E7E /* ballputtdrill2.png */ = {isa = PBXFileReference; lastKnownFileType = image.png; path = ballputtdrill2.png; sourceTree = "<group>"; };
		1182368A1B13E5B300F66E7E /* QuartzCore.framework */ = {isa = PBXFileReference; lastKnownFileType = wrapper.framework; name = QuartzCore.framework; path = System/Library/Frameworks/QuartzCore.framework; sourceTree = SDKROOT; };
		1182368C1B13E5C100F66E7E /* CoreGraphics.framework */ = {isa = PBXFileReference; lastKnownFileType = wrapper.framework; name = CoreGraphics.framework; path = System/Library/Frameworks/CoreGraphics.framework; sourceTree = SDKROOT; };
/* End PBXFileReference section */

/* Begin PBXFrameworksBuildPhase section */
		1182365C1B13981B00F66E7E /* Frameworks */ = {
			isa = PBXFrameworksBuildPhase;
			buildActionMask = 2147483647;
			files = (
				1182368D1B13E5C100F66E7E /* CoreGraphics.framework in Frameworks */,
				1182368B1B13E5B300F66E7E /* QuartzCore.framework in Frameworks */,
			);
			runOnlyForDeploymentPostprocessing = 0;
		};
		118236751B13981B00F66E7E /* Frameworks */ = {
			isa = PBXFrameworksBuildPhase;
			buildActionMask = 2147483647;
			files = (
			);
			runOnlyForDeploymentPostprocessing = 0;
		};
/* End PBXFrameworksBuildPhase section */

/* Begin PBXGroup section */
		118236561B13981B00F66E7E = {
			isa = PBXGroup;
			children = (
				1182368C1B13E5C100F66E7E /* CoreGraphics.framework */,
				1182368A1B13E5B300F66E7E /* QuartzCore.framework */,
				118236611B13981B00F66E7E /* MiniGolf */,
				1182367B1B13981B00F66E7E /* MiniGolfTests */,
				118236601B13981B00F66E7E /* Products */,
			);
			sourceTree = "<group>";
		};
		118236601B13981B00F66E7E /* Products */ = {
			isa = PBXGroup;
			children = (
				1182365F1B13981B00F66E7E /* MiniGolf.app */,
				118236781B13981B00F66E7E /* MiniGolfTests.xctest */,
			);
			name = Products;
			sourceTree = "<group>";
		};
		118236611B13981B00F66E7E /* MiniGolf */ = {
			isa = PBXGroup;
			children = (
				118236661B13981B00F66E7E /* AppDelegate.h */,
				118236671B13981B00F66E7E /* AppDelegate.m */,
				118236691B13981B00F66E7E /* ViewController.h */,
				1182366A1B13981B00F66E7E /* ViewController.m */,
				1182366C1B13981B00F66E7E /* Main.storyboard */,
				1182366F1B13981B00F66E7E /* Images.xcassets */,
				118236711B13981B00F66E7E /* LaunchScreen.xib */,
				118236621B13981B00F66E7E /* Supporting Files */,
			);
			path = MiniGolf;
			sourceTree = "<group>";
		};
		118236621B13981B00F66E7E /* Supporting Files */ = {
			isa = PBXGroup;
			children = (
				118236881B13B15400F66E7E /* ballputtdrill2.png */,
				118236631B13981B00F66E7E /* Info.plist */,
				118236641B13981B00F66E7E /* main.m */,
			);
			name = "Supporting Files";
			sourceTree = "<group>";
		};
		1182367B1B13981B00F66E7E /* MiniGolfTests */ = {
			isa = PBXGroup;
			children = (
				1182367E1B13981B00F66E7E /* MiniGolfTests.m */,
				1182367C1B13981B00F66E7E /* Supporting Files */,
			);
			path = MiniGolfTests;
			sourceTree = "<group>";
		};
		1182367C1B13981B00F66E7E /* Supporting Files */ = {
			isa = PBXGroup;
			children = (
				1182367D1B13981B00F66E7E /* Info.plist */,
			);
			name = "Supporting Files";
			sourceTree = "<group>";
		};
/* End PBXGroup section */

/* Begin PBXNativeTarget section */
		1182365E1B13981B00F66E7E /* MiniGolf */ = {
			isa = PBXNativeTarget;
			buildConfigurationList = 118236821B13981B00F66E7E /* Build configuration list for PBXNativeTarget "MiniGolf" */;
			buildPhases = (
				1182365B1B13981B00F66E7E /* Sources */,
				1182365C1B13981B00F66E7E /* Frameworks */,
				1182365D1B13981B00F66E7E /* Resources */,
			);
			buildRules = (
			);
			dependencies = (
			);
			name = MiniGolf;
			productName = MiniGolf;
			productReference = 1182365F1B13981B00F66E7E /* MiniGolf.app */;
			productType = "com.apple.product-type.application";
		};
		118236771B13981B00F66E7E /* MiniGolfTests */ = {
			isa = PBXNativeTarget;
			buildConfigurationList = 118236851B13981B00F66E7E /* Build configuration list for PBXNativeTarget "MiniGolfTests" */;
			buildPhases = (
				118236741B13981B00F66E7E /* Sources */,
				118236751B13981B00F66E7E /* Frameworks */,
				118236761B13981B00F66E7E /* Resources */,
			);
			buildRules = (
			);
			dependencies = (
				1182367A1B13981B00F66E7E /* PBXTargetDependency */,
			);
			name = MiniGolfTests;
			productName = MiniGolfTests;
			productReference = 118236781B13981B00F66E7E /* MiniGolfTests.xctest */;
			productType = "com.apple.product-type.bundle.unit-test";
		};
/* End PBXNativeTarget section */

/* Begin PBXProject section */
		118236571B13981B00F66E7E /* Project object */ = {
			isa = PBXProject;
			attributes = {
				LastUpgradeCheck = 0630;
				ORGANIZATIONNAME = "Larry Feldman";
				TargetAttributes = {
					1182365E1B13981B00F66E7E = {
						CreatedOnToolsVersion = 6.3;
					};
					118236771B13981B00F66E7E = {
						CreatedOnToolsVersion = 6.3;
						TestTargetID = 1182365E1B13981B00F66E7E;
					};
				};
			};
			buildConfigurationList = 1182365A1B13981B00F66E7E /* Build configuration list for PBXProject "MiniGolf" */;
			compatibilityVersion = "Xcode 3.2";
			developmentRegion = English;
			hasScannedForEncodings = 0;
			knownRegions = (
				en,
				Base,
			);
			mainGroup = 118236561B13981B00F66E7E;
			productRefGroup = 118236601B13981B00F66E7E /* Products */;
			projectDirPath = "";
			projectRoot = "";
			targets = (
				1182365E1B13981B00F66E7E /* MiniGolf */,
				118236771B13981B00F66E7E /* MiniGolfTests */,
			);
		};
/* End PBXProject section */

/* Begin PBXResourcesBuildPhase section */
		1182365D1B13981B00F66E7E /* Resources */ = {
			isa = PBXResourcesBuildPhase;
			buildActionMask = 2147483647;
			files = (
				1182366E1B13981B00F66E7E /* Main.storyboard in Resources */,
				118236731B13981B00F66E7E /* LaunchScreen.xib in Resources */,
				118236891B13B15400F66E7E /* ballputtdrill2.png in Resources */,
				118236701B13981B00F66E7E /* Images.xcassets in Resources */,
			);
			runOnlyForDeploymentPostprocessing = 0;
		};
		118236761B13981B00F66E7E /* Resources */ = {
			isa = PBXResourcesBuildPhase;
			buildActionMask = 2147483647;
			files = (
			);
			runOnlyForDeploymentPostprocessing = 0;
		};
/* End PBXResourcesBuildPhase section */

/* Begin PBXSourcesBuildPhase section */
		1182365B1B13981B00F66E7E /* Sources */ = {
			isa = PBXSourcesBuildPhase;
			buildActionMask = 2147483647;
			files = (
				1182366B1B13981B00F66E7E /* ViewController.m in Sources */,
				118236681B13981B00F66E7E /* AppDelegate.m in Sources */,
				118236651B13981B00F66E7E /* main.m in Sources */,
			);
			runOnlyForDeploymentPostprocessing = 0;
		};
		118236741B13981B00F66E7E /* Sources */ = {
			isa = PBXSourcesBuildPhase;
			buildActionMask = 2147483647;
			files = (
				1182367F1B13981B00F66E7E /* MiniGolfTests.m in Sources */,
			);
			runOnlyForDeploymentPostprocessing = 0;
		};
/* End PBXSourcesBuildPhase section */

/* Begin PBXTargetDependency section */
		1182367A1B13981B00F66E7E /* PBXTargetDependency */ = {
			isa = PBXTargetDependency;
			target = 1182365E1B13981B00F66E7E /* MiniGolf */;
			targetProxy = 118236791B13981B00F66E7E /* PBXContainerItemProxy */;
		};
/* End PBXTargetDependency section */

/* Begin PBXVariantGroup section */
		1182366C1B13981B00F66E7E /* Main.storyboard */ = {
			isa = PBXVariantGroup;
			children = (
				1182366D1B13981B00F66E7E /* Base */,
			);
			name = Main.storyboard;
			sourceTree = "<group>";
		};
		118236711B13981B00F66E7E /* LaunchScreen.xib */ = {
			isa = PBXVariantGroup;
			children = (
				118236721B13981B00F66E7E /* Base */,
			);
			name = LaunchScreen.xib;
			sourceTree = "<group>";
		};
/* End PBXVariantGroup section */

/* Begin XCBuildConfiguration section */
		118236801B13981B00F66E7E /* Debug */ = {
			isa = XCBuildConfiguration;
			buildSettings = {
				ALWAYS_SEARCH_USER_PATHS = NO;
				CLANG_CXX_LANGUAGE_STANDARD = "gnu++0x";
				CLANG_CXX_LIBRARY = "libc++";
				CLANG_ENABLE_MODULES = YES;
				CLANG_ENABLE_OBJC_ARC = YES;
				CLANG_WARN_BOOL_CONVERSION = YES;
				CLANG_WARN_CONSTANT_CONVERSION = YES;
				CLANG_WARN_DIRECT_OBJC_ISA_USAGE = YES_ERROR;
				CLANG_WARN_EMPTY_BODY = YES;
				CLANG_WARN_ENUM_CONVERSION = YES;
				CLANG_WARN_INT_CONVERSION = YES;
				CLANG_WARN_OBJC_ROOT_CLASS = YES_ERROR;
				CLANG_WARN_UNREACHABLE_CODE = YES;
				CLANG_WARN__DUPLICATE_METHOD_MATCH = YES;
				"CODE_SIGN_IDENTITY[sdk=iphoneos*]" = "iPhone Developer";
				COPY_PHASE_STRIP = NO;
				DEBUG_INFORMATION_FORMAT = "dwarf-with-dsym";
				ENABLE_STRICT_OBJC_MSGSEND = YES;
				GCC_C_LANGUAGE_STANDARD = gnu99;
				GCC_DYNAMIC_NO_PIC = NO;
				GCC_NO_COMMON_BLOCKS = YES;
				GCC_OPTIMIZATION_LEVEL = 0;
				GCC_PREPROCESSOR_DEFINITIONS = (
					"DEBUG=1",
					"$(inherited)",
				);
				GCC_SYMBOLS_PRIVATE_EXTERN = NO;
				GCC_WARN_64_TO_32_BIT_CONVERSION = YES;
				GCC_WARN_ABOUT_RETURN_TYPE = YES_ERROR;
				GCC_WARN_UNDECLARED_SELECTOR = YES;
				GCC_WARN_UNINITIALIZED_AUTOS = YES_AGGRESSIVE;
				GCC_WARN_UNUSED_FUNCTION = YES;
				GCC_WARN_UNUSED_VARIABLE = YES;
				IPHONEOS_DEPLOYMENT_TARGET = 8.3;
				MTL_ENABLE_DEBUG_INFO = YES;
				ONLY_ACTIVE_ARCH = YES;
				SDKROOT = iphoneos;
				TARGETED_DEVICE_FAMILY = "1,2";
			};
			name = Debug;
		};
		118236811B13981B00F66E7E /* Release */ = {
			isa = XCBuildConfiguration;
			buildSettings = {
				ALWAYS_SEARCH_USER_PATHS = NO;
				CLANG_CXX_LANGUAGE_STANDARD = "gnu++0x";
				CLANG_CXX_LIBRARY = "libc++";
				CLANG_ENABLE_MODULES = YES;
				CLANG_ENABLE_OBJC_ARC = YES;
				CLANG_WARN_BOOL_CONVERSION = YES;
				CLANG_WARN_CONSTANT_CONVERSION = YES;
				CLANG_WARN_DIRECT_OBJC_ISA_USAGE = YES_ERROR;
				CLANG_WARN_EMPTY_BODY = YES;
				CLANG_WARN_ENUM_CONVERSION = YES;
				CLANG_WARN_INT_CONVERSION = YES;
				CLANG_WARN_OBJC_ROOT_CLASS = YES_ERROR;
				CLANG_WARN_UNREACHABLE_CODE = YES;
				CLANG_WARN__DUPLICATE_METHOD_MATCH = YES;
				"CODE_SIGN_IDENTITY[sdk=iphoneos*]" = "iPhone Developer";
				COPY_PHASE_STRIP = NO;
				DEBUG_INFORMATION_FORMAT = "dwarf-with-dsym";
				ENABLE_NS_ASSERTIONS = NO;
				ENABLE_STRICT_OBJC_MSGSEND = YES;
				GCC_C_LANGUAGE_STANDARD = gnu99;
				GCC_NO_COMMON_BLOCKS = YES;
				GCC_WARN_64_TO_32_BIT_CONVERSION = YES;
				GCC_WARN_ABOUT_RETURN_TYPE = YES_ERROR;
				GCC_WARN_UNDECLARED_SELECTOR = YES;
				GCC_WARN_UNINITIALIZED_AUTOS = YES_AGGRESSIVE;
				GCC_WARN_UNUSED_FUNCTION = YES;
				GCC_WARN_UNUSED_VARIABLE = YES;
				IPHONEOS_DEPLOYMENT_TARGET = 8.3;
				MTL_ENABLE_DEBUG_INFO = NO;
				SDKROOT = iphoneos;
				TARGETED_DEVICE_FAMILY = "1,2";
				VALIDATE_PRODUCT = YES;
			};
			name = Release;
		};
		118236831B13981B00F66E7E /* Debug */ = {
			isa = XCBuildConfiguration;
			buildSettings = {
				ASSETCATALOG_COMPILER_APPICON_NAME = AppIcon;
				INFOPLIST_FILE = MiniGolf/Info.plist;
				LD_RUNPATH_SEARCH_PATHS = "$(inherited) @executable_path/Frameworks";
				PRODUCT_NAME = "$(TARGET_NAME)";
			};
			name = Debug;
		};
		118236841B13981B00F66E7E /* Release */ = {
			isa = XCBuildConfiguration;
			buildSettings = {
				ASSETCATALOG_COMPILER_APPICON_NAME = AppIcon;
				INFOPLIST_FILE = MiniGolf/Info.plist;
				LD_RUNPATH_SEARCH_PATHS = "$(inherited) @executable_path/Frameworks";
				PRODUCT_NAME = "$(TARGET_NAME)";
			};
			name = Release;
		};
		118236861B13981B00F66E7E /* Debug */ = {
			isa = XCBuildConfiguration;
			buildSettings = {
				BUNDLE_LOADER = "$(TEST_HOST)";
				FRAMEWORK_SEARCH_PATHS = (
					"$(SDKROOT)/Developer/Library/Frameworks",
					"$(inherited)",
				);
				GCC_PREPROCESSOR_DEFINITIONS = (
					"DEBUG=1",
					"$(inherited)",
				);
				INFOPLIST_FILE = MiniGolfTests/Info.plist;
				LD_RUNPATH_SEARCH_PATHS = "$(inherited) @executable_path/Frameworks @loader_path/Frameworks";
				PRODUCT_NAME = "$(TARGET_NAME)";
				TEST_HOST = "$(BUILT_PRODUCTS_DIR)/MiniGolf.app/MiniGolf";
			};
			name = Debug;
		};
		118236871B13981B00F66E7E /* Release */ = {
			isa = XCBuildConfiguration;
			buildSettings = {
				BUNDLE_LOADER = "$(TEST_HOST)";
				FRAMEWORK_SEARCH_PATHS = (
					"$(SDKROOT)/Developer/Library/Frameworks",
					"$(inherited)",
				);
				INFOPLIST_FILE = MiniGolfTests/Info.plist;
				LD_RUNPATH_SEARCH_PATHS = "$(inherited) @executable_path/Frameworks @loader_path/Frameworks";
				PRODUCT_NAME = "$(TARGET_NAME)";
				TEST_HOST = "$(BUILT_PRODUCTS_DIR)/MiniGolf.app/MiniGolf";
			};
			name = Release;
		};
/* End XCBuildConfiguration section */

/* Begin XCConfigurationList section */
		1182365A1B13981B00F66E7E /* Build configuration list for PBXProject "MiniGolf" */ = {
			isa = XCConfigurationList;
			buildConfigurations = (
				118236801B13981B00F66E7E /* Debug */,
				118236811B13981B00F66E7E /* Release */,
			);
			defaultConfigurationIsVisible = 0;
			defaultConfigurationName = Release;
		};
		118236821B13981B00F66E7E /* Build configuration list for PBXNativeTarget "MiniGolf" */ = {
			isa = XCConfigurationList;
			buildConfigurations = (
				118236831B13981B00F66E7E /* Debug */,
				118236841B13981B00F66E7E /* Release */,
			);
			defaultConfigurationIsVisible = 0;
		};
		118236851B13981B00F66E7E /* Build configuration list for PBXNativeTarget "MiniGolfTests" */ = {
			isa = XCConfigurationList;
			buildConfigurations = (
				118236861B13981B00F66E7E /* Debug */,
				118236871B13981B00F66E7E /* Release */,
			);
			defaultConfigurationIsVisible = 0;
		};
/* End XCConfigurationList section */
	};
	rootObject = 118236571B13981B00F66E7E /* Project object */;
}
